// !$*UTF8*$!
{
	archiveVersion = 1;
	classes = {
	};
	objectVersion = 56;
	objects = {

/* Begin PBXBuildFile section */
		005F98AA29A1E3B1001E573C /* MetalBuilder in Frameworks */ = {isa = PBXBuildFile; productRef = 005F98A929A1E3B1001E573C /* MetalBuilder */; };
		005F98AE29A1E553001E573C /* DrawCircle.swift in Sources */ = {isa = PBXBuildFile; fileRef = 005F98AD29A1E553001E573C /* DrawCircle.swift */; };
		005F98B029A1E579001E573C /* HapticsEngine.swift in Sources */ = {isa = PBXBuildFile; fileRef = 005F98AF29A1E579001E573C /* HapticsEngine.swift */; };
		005F98B329A1E64B001E573C /* FreeTransformGesture in Frameworks */ = {isa = PBXBuildFile; productRef = 005F98B229A1E64B001E573C /* FreeTransformGesture */; };
		005F98B529A1EE9E001E573C /* TouchParticle.swift in Sources */ = {isa = PBXBuildFile; fileRef = 005F98B429A1EE9E001E573C /* TouchParticle.swift */; };
		005F98B729A2A0C6001E573C /* QuadRenderer.swift in Sources */ = {isa = PBXBuildFile; fileRef = 005F98B629A2A0C6001E573C /* QuadRenderer.swift */; };
		005F98B929A71560001E573C /* MyTouchDelegate.swift in Sources */ = {isa = PBXBuildFile; fileRef = 005F98B829A71560001E573C /* MyTouchDelegate.swift */; };
		005F98BB29A724C0001E573C /* RenderParticles.swift in Sources */ = {isa = PBXBuildFile; fileRef = 005F98BA29A724C0001E573C /* RenderParticles.swift */; };
		00BD55A729A1D9A60084DBB1 /* ExampleApp.swift in Sources */ = {isa = PBXBuildFile; fileRef = 00BD55A629A1D9A60084DBB1 /* ExampleApp.swift */; };
		00BD55A929A1D9A60084DBB1 /* ContentView.swift in Sources */ = {isa = PBXBuildFile; fileRef = 00BD55A829A1D9A60084DBB1 /* ContentView.swift */; };
		00BD55AB29A1D9A70084DBB1 /* Assets.xcassets in Resources */ = {isa = PBXBuildFile; fileRef = 00BD55AA29A1D9A70084DBB1 /* Assets.xcassets */; };
		00BD55AE29A1D9A70084DBB1 /* Preview Assets.xcassets in Resources */ = {isa = PBXBuildFile; fileRef = 00BD55AD29A1D9A70084DBB1 /* Preview Assets.xcassets */; };
/* End PBXBuildFile section */

/* Begin PBXFileReference section */
		005F98A729A1DBBA001E573C /* FreeTransformGesture */ = {isa = PBXFileReference; lastKnownFileType = wrapper; name = FreeTransformGesture; path = ..; sourceTree = "<group>"; };
		005F98AD29A1E553001E573C /* DrawCircle.swift */ = {isa = PBXFileReference; lastKnownFileType = sourcecode.swift; path = DrawCircle.swift; sourceTree = "<group>"; };
		005F98AF29A1E579001E573C /* HapticsEngine.swift */ = {isa = PBXFileReference; lastKnownFileType = sourcecode.swift; path = HapticsEngine.swift; sourceTree = "<group>"; };
		005F98B429A1EE9E001E573C /* TouchParticle.swift */ = {isa = PBXFileReference; lastKnownFileType = sourcecode.swift; path = TouchParticle.swift; sourceTree = "<group>"; };
		005F98B629A2A0C6001E573C /* QuadRenderer.swift */ = {isa = PBXFileReference; lastKnownFileType = sourcecode.swift; path = QuadRenderer.swift; sourceTree = "<group>"; };
		005F98B829A71560001E573C /* MyTouchDelegate.swift */ = {isa = PBXFileReference; lastKnownFileType = sourcecode.swift; path = MyTouchDelegate.swift; sourceTree = "<group>"; };
		005F98BA29A724C0001E573C /* RenderParticles.swift */ = {isa = PBXFileReference; lastKnownFileType = sourcecode.swift; path = RenderParticles.swift; sourceTree = "<group>"; };
		00BD55A329A1D9A60084DBB1 /* Example.app */ = {isa = PBXFileReference; explicitFileType = wrapper.application; includeInIndex = 0; path = Example.app; sourceTree = BUILT_PRODUCTS_DIR; };
		00BD55A629A1D9A60084DBB1 /* ExampleApp.swift */ = {isa = PBXFileReference; lastKnownFileType = sourcecode.swift; path = ExampleApp.swift; sourceTree = "<group>"; };
		00BD55A829A1D9A60084DBB1 /* ContentView.swift */ = {isa = PBXFileReference; lastKnownFileType = sourcecode.swift; path = ContentView.swift; sourceTree = "<group>"; };
		00BD55AA29A1D9A70084DBB1 /* Assets.xcassets */ = {isa = PBXFileReference; lastKnownFileType = folder.assetcatalog; path = Assets.xcassets; sourceTree = "<group>"; };
		00BD55AD29A1D9A70084DBB1 /* Preview Assets.xcassets */ = {isa = PBXFileReference; lastKnownFileType = folder.assetcatalog; path = "Preview Assets.xcassets"; sourceTree = "<group>"; };
/* End PBXFileReference section */

/* Begin PBXFrameworksBuildPhase section */
		00BD55A029A1D9A60084DBB1 /* Frameworks */ = {
			isa = PBXFrameworksBuildPhase;
			buildActionMask = 2147483647;
			files = (
				005F98AA29A1E3B1001E573C /* MetalBuilder in Frameworks */,
				005F98B329A1E64B001E573C /* FreeTransformGesture in Frameworks */,
			);
			runOnlyForDeploymentPostprocessing = 0;
		};
/* End PBXFrameworksBuildPhase section */

/* Begin PBXGroup section */
		005F98A629A1DBBA001E573C /* Packages */ = {
			isa = PBXGroup;
			children = (
				005F98A729A1DBBA001E573C /* FreeTransformGesture */,
			);
			name = Packages;
			sourceTree = "<group>";
		};
		005F98B129A1E64B001E573C /* Frameworks */ = {
			isa = PBXGroup;
			children = (
			);
			name = Frameworks;
			sourceTree = "<group>";
		};
		00BD559A29A1D9A60084DBB1 = {
			isa = PBXGroup;
			children = (
				005F98A629A1DBBA001E573C /* Packages */,
				00BD55A529A1D9A60084DBB1 /* Example */,
				00BD55A429A1D9A60084DBB1 /* Products */,
				005F98B129A1E64B001E573C /* Frameworks */,
			);
			sourceTree = "<group>";
		};
		00BD55A429A1D9A60084DBB1 /* Products */ = {
			isa = PBXGroup;
			children = (
				00BD55A329A1D9A60084DBB1 /* Example.app */,
			);
			name = Products;
			sourceTree = "<group>";
		};
		00BD55A529A1D9A60084DBB1 /* Example */ = {
			isa = PBXGroup;
			children = (
				00BD55A629A1D9A60084DBB1 /* ExampleApp.swift */,
				005F98AD29A1E553001E573C /* DrawCircle.swift */,
				005F98BA29A724C0001E573C /* RenderParticles.swift */,
				005F98B429A1EE9E001E573C /* TouchParticle.swift */,
				005F98AF29A1E579001E573C /* HapticsEngine.swift */,
				00BD55A829A1D9A60084DBB1 /* ContentView.swift */,
				005F98B829A71560001E573C /* MyTouchDelegate.swift */,
				005F98B629A2A0C6001E573C /* QuadRenderer.swift */,
				00BD55AA29A1D9A70084DBB1 /* Assets.xcassets */,
				00BD55AC29A1D9A70084DBB1 /* Preview Content */,
			);
			path = Example;
			sourceTree = "<group>";
		};
		00BD55AC29A1D9A70084DBB1 /* Preview Content */ = {
			isa = PBXGroup;
			children = (
				00BD55AD29A1D9A70084DBB1 /* Preview Assets.xcassets */,
			);
			path = "Preview Content";
			sourceTree = "<group>";
		};
/* End PBXGroup section */

/* Begin PBXNativeTarget section */
		00BD55A229A1D9A60084DBB1 /* Example */ = {
			isa = PBXNativeTarget;
			buildConfigurationList = 00BD55B129A1D9A70084DBB1 /* Build configuration list for PBXNativeTarget "Example" */;
			buildPhases = (
				00BD559F29A1D9A60084DBB1 /* Sources */,
				00BD55A029A1D9A60084DBB1 /* Frameworks */,
				00BD55A129A1D9A60084DBB1 /* Resources */,
			);
			buildRules = (
			);
			dependencies = (
				005F98AC29A1E3FB001E573C /* PBXTargetDependency */,
			);
			name = Example;
			packageProductDependencies = (
				005F98A929A1E3B1001E573C /* MetalBuilder */,
				005F98B229A1E64B001E573C /* FreeTransformGesture */,
			);
			productName = Example;
			productReference = 00BD55A329A1D9A60084DBB1 /* Example.app */;
			productType = "com.apple.product-type.application";
		};
/* End PBXNativeTarget section */

/* Begin PBXProject section */
		00BD559B29A1D9A60084DBB1 /* Project object */ = {
			isa = PBXProject;
			attributes = {
				BuildIndependentTargetsInParallel = 1;
				LastSwiftUpdateCheck = 1410;
				LastUpgradeCheck = 1410;
				TargetAttributes = {
					00BD55A229A1D9A60084DBB1 = {
						CreatedOnToolsVersion = 14.1;
					};
				};
			};
			buildConfigurationList = 00BD559E29A1D9A60084DBB1 /* Build configuration list for PBXProject "Example" */;
			compatibilityVersion = "Xcode 14.0";
			developmentRegion = en;
			hasScannedForEncodings = 0;
			knownRegions = (
				en,
				Base,
			);
			mainGroup = 00BD559A29A1D9A60084DBB1;
			packageReferences = (
				005F98A829A1E3B1001E573C /* XCRemoteSwiftPackageReference "MetalBuilder" */,
			);
			productRefGroup = 00BD55A429A1D9A60084DBB1 /* Products */;
			projectDirPath = "";
			projectRoot = "";
			targets = (
				00BD55A229A1D9A60084DBB1 /* Example */,
			);
		};
/* End PBXProject section */

/* Begin PBXResourcesBuildPhase section */
		00BD55A129A1D9A60084DBB1 /* Resources */ = {
			isa = PBXResourcesBuildPhase;
			buildActionMask = 2147483647;
			files = (
				00BD55AE29A1D9A70084DBB1 /* Preview Assets.xcassets in Resources */,
				00BD55AB29A1D9A70084DBB1 /* Assets.xcassets in Resources */,
			);
			runOnlyForDeploymentPostprocessing = 0;
		};
/* End PBXResourcesBuildPhase section */

/* Begin PBXSourcesBuildPhase section */
		00BD559F29A1D9A60084DBB1 /* Sources */ = {
			isa = PBXSourcesBuildPhase;
			buildActionMask = 2147483647;
			files = (
				005F98B029A1E579001E573C /* HapticsEngine.swift in Sources */,
				005F98B729A2A0C6001E573C /* QuadRenderer.swift in Sources */,
				005F98AE29A1E553001E573C /* DrawCircle.swift in Sources */,
				00BD55A929A1D9A60084DBB1 /* ContentView.swift in Sources */,
				00BD55A729A1D9A60084DBB1 /* ExampleApp.swift in Sources */,
				005F98B529A1EE9E001E573C /* TouchParticle.swift in Sources */,
				005F98B929A71560001E573C /* MyTouchDelegate.swift in Sources */,
				005F98BB29A724C0001E573C /* RenderParticles.swift in Sources */,
			);
			runOnlyForDeploymentPostprocessing = 0;
		};
/* End PBXSourcesBuildPhase section */

/* Begin PBXTargetDependency section */
		005F98AC29A1E3FB001E573C /* PBXTargetDependency */ = {
			isa = PBXTargetDependency;
			productRef = 005F98AB29A1E3FB001E573C /* FreeTransformGesture */;
		};
/* End PBXTargetDependency section */

/* Begin XCBuildConfiguration section */
		00BD55AF29A1D9A70084DBB1 /* Debug */ = {
			isa = XCBuildConfiguration;
			buildSettings = {
				ALWAYS_SEARCH_USER_PATHS = NO;
				CLANG_ANALYZER_NONNULL = YES;
				CLANG_ANALYZER_NUMBER_OBJECT_CONVERSION = YES_AGGRESSIVE;
				CLANG_CXX_LANGUAGE_STANDARD = "gnu++20";
				CLANG_ENABLE_MODULES = YES;
				CLANG_ENABLE_OBJC_ARC = YES;
				CLANG_ENABLE_OBJC_WEAK = YES;
				CLANG_WARN_BLOCK_CAPTURE_AUTORELEASING = YES;
				CLANG_WARN_BOOL_CONVERSION = YES;
				CLANG_WARN_COMMA = YES;
				CLANG_WARN_CONSTANT_CONVERSION = YES;
				CLANG_WARN_DEPRECATED_OBJC_IMPLEMENTATIONS = YES;
				CLANG_WARN_DIRECT_OBJC_ISA_USAGE = YES_ERROR;
				CLANG_WARN_DOCUMENTATION_COMMENTS = YES;
				CLANG_WARN_EMPTY_BODY = YES;
				CLANG_WARN_ENUM_CONVERSION = YES;
				CLANG_WARN_INFINITE_RECURSION = YES;
				CLANG_WARN_INT_CONVERSION = YES;
				CLANG_WARN_NON_LITERAL_NULL_CONVERSION = YES;
				CLANG_WARN_OBJC_IMPLICIT_RETAIN_SELF = YES;
				CLANG_WARN_OBJC_LITERAL_CONVERSION = YES;
				CLANG_WARN_OBJC_ROOT_CLASS = YES_ERROR;
				CLANG_WARN_QUOTED_INCLUDE_IN_FRAMEWORK_HEADER = YES;
				CLANG_WARN_RANGE_LOOP_ANALYSIS = YES;
				CLANG_WARN_STRICT_PROTOTYPES = YES;
				CLANG_WARN_SUSPICIOUS_MOVE = YES;
				CLANG_WARN_UNGUARDED_AVAILABILITY = YES_AGGRESSIVE;
				CLANG_WARN_UNREACHABLE_CODE = YES;
				CLANG_WARN__DUPLICATE_METHOD_MATCH = YES;
				COPY_PHASE_STRIP = NO;
				DEBUG_INFORMATION_FORMAT = dwarf;
				ENABLE_STRICT_OBJC_MSGSEND = YES;
				ENABLE_TESTABILITY = YES;
				GCC_C_LANGUAGE_STANDARD = gnu11;
				GCC_DYNAMIC_NO_PIC = NO;
				GCC_NO_COMMON_BLOCKS = YES;
				GCC_OPTIMIZATION_LEVEL = 0;
				GCC_PREPROCESSOR_DEFINITIONS = (
					"DEBUG=1",
					"$(inherited)",
				);
				GCC_WARN_64_TO_32_BIT_CONVERSION = YES;
				GCC_WARN_ABOUT_RETURN_TYPE = YES_ERROR;
				GCC_WARN_UNDECLARED_SELECTOR = YES;
				GCC_WARN_UNINITIALIZED_AUTOS = YES_AGGRESSIVE;
				GCC_WARN_UNUSED_FUNCTION = YES;
				GCC_WARN_UNUSED_VARIABLE = YES;
				IPHONEOS_DEPLOYMENT_TARGET = 16.1;
				MTL_ENABLE_DEBUG_INFO = INCLUDE_SOURCE;
				MTL_FAST_MATH = YES;
				ONLY_ACTIVE_ARCH = YES;
				SDKROOT = iphoneos;
				SWIFT_ACTIVE_COMPILATION_CONDITIONS = DEBUG;
				SWIFT_OPTIMIZATION_LEVEL = "-Onone";
			};
			name = Debug;
		};
		00BD55B029A1D9A70084DBB1 /* Release */ = {
			isa = XCBuildConfiguration;
			buildSettings = {
				ALWAYS_SEARCH_USER_PATHS = NO;
				CLANG_ANALYZER_NONNULL = YES;
				CLANG_ANALYZER_NUMBER_OBJECT_CONVERSION = YES_AGGRESSIVE;
				CLANG_CXX_LANGUAGE_STANDARD = "gnu++20";
				CLANG_ENABLE_MODULES = YES;
				CLANG_ENABLE_OBJC_ARC = YES;
				CLANG_ENABLE_OBJC_WEAK = YES;
				CLANG_WARN_BLOCK_CAPTURE_AUTORELEASING = YES;
				CLANG_WARN_BOOL_CONVERSION = YES;
				CLANG_WARN_COMMA = YES;
				CLANG_WARN_CONSTANT_CONVERSION = YES;
				CLANG_WARN_DEPRECATED_OBJC_IMPLEMENTATIONS = YES;
				CLANG_WARN_DIRECT_OBJC_ISA_USAGE = YES_ERROR;
				CLANG_WARN_DOCUMENTATION_COMMENTS = YES;
				CLANG_WARN_EMPTY_BODY = YES;
				CLANG_WARN_ENUM_CONVERSION = YES;
				CLANG_WARN_INFINITE_RECURSION = YES;
				CLANG_WARN_INT_CONVERSION = YES;
				CLANG_WARN_NON_LITERAL_NULL_CONVERSION = YES;
				CLANG_WARN_OBJC_IMPLICIT_RETAIN_SELF = YES;
				CLANG_WARN_OBJC_LITERAL_CONVERSION = YES;
				CLANG_WARN_OBJC_ROOT_CLASS = YES_ERROR;
				CLANG_WARN_QUOTED_INCLUDE_IN_FRAMEWORK_HEADER = YES;
				CLANG_WARN_RANGE_LOOP_ANALYSIS = YES;
				CLANG_WARN_STRICT_PROTOTYPES = YES;
				CLANG_WARN_SUSPICIOUS_MOVE = YES;
				CLANG_WARN_UNGUARDED_AVAILABILITY = YES_AGGRESSIVE;
				CLANG_WARN_UNREACHABLE_CODE = YES;
				CLANG_WARN__DUPLICATE_METHOD_MATCH = YES;
				COPY_PHASE_STRIP = NO;
				DEBUG_INFORMATION_FORMAT = "dwarf-with-dsym";
				ENABLE_NS_ASSERTIONS = NO;
				ENABLE_STRICT_OBJC_MSGSEND = YES;
				GCC_C_LANGUAGE_STANDARD = gnu11;
				GCC_NO_COMMON_BLOCKS = YES;
				GCC_WARN_64_TO_32_BIT_CONVERSION = YES;
				GCC_WARN_ABOUT_RETURN_TYPE = YES_ERROR;
				GCC_WARN_UNDECLARED_SELECTOR = YES;
				GCC_WARN_UNINITIALIZED_AUTOS = YES_AGGRESSIVE;
				GCC_WARN_UNUSED_FUNCTION = YES;
				GCC_WARN_UNUSED_VARIABLE = YES;
				IPHONEOS_DEPLOYMENT_TARGET = 16.1;
				MTL_ENABLE_DEBUG_INFO = NO;
				MTL_FAST_MATH = YES;
				SDKROOT = iphoneos;
				SWIFT_COMPILATION_MODE = wholemodule;
				SWIFT_OPTIMIZATION_LEVEL = "-O";
				VALIDATE_PRODUCT = YES;
			};
			name = Release;
		};
		00BD55B229A1D9A70084DBB1 /* Debug */ = {
			isa = XCBuildConfiguration;
			buildSettings = {
				ASSETCATALOG_COMPILER_APPICON_NAME = AppIcon;
				ASSETCATALOG_COMPILER_GLOBAL_ACCENT_COLOR_NAME = AccentColor;
				CODE_SIGN_STYLE = Automatic;
				CURRENT_PROJECT_VERSION = 1;
				DEVELOPMENT_ASSET_PATHS = "\"Example/Preview Content\"";
				DEVELOPMENT_TEAM = J75UGCLYPW;
				ENABLE_PREVIEWS = YES;
				GENERATE_INFOPLIST_FILE = YES;
				INFOPLIST_KEY_UIApplicationSceneManifest_Generation = YES;
				INFOPLIST_KEY_UIApplicationSupportsIndirectInputEvents = YES;
				INFOPLIST_KEY_UILaunchScreen_Generation = YES;
				INFOPLIST_KEY_UISupportedInterfaceOrientations_iPad = "UIInterfaceOrientationPortrait UIInterfaceOrientationPortraitUpsideDown UIInterfaceOrientationLandscapeLeft UIInterfaceOrientationLandscapeRight";
				INFOPLIST_KEY_UISupportedInterfaceOrientations_iPhone = "UIInterfaceOrientationPortrait UIInterfaceOrientationLandscapeLeft UIInterfaceOrientationLandscapeRight";
				LD_RUNPATH_SEARCH_PATHS = (
					"$(inherited)",
					"@executable_path/Frameworks",
				);
				MARKETING_VERSION = 1.0;
				PRODUCT_BUNDLE_IDENTIFIER = gadirom.Example;
				PRODUCT_NAME = "$(TARGET_NAME)";
				SWIFT_EMIT_LOC_STRINGS = YES;
				SWIFT_VERSION = 5.0;
				TARGETED_DEVICE_FAMILY = "1,2";
			};
			name = Debug;
		};
		00BD55B329A1D9A70084DBB1 /* Release */ = {
			isa = XCBuildConfiguration;
			buildSettings = {
				ASSETCATALOG_COMPILER_APPICON_NAME = AppIcon;
				ASSETCATALOG_COMPILER_GLOBAL_ACCENT_COLOR_NAME = AccentColor;
				CODE_SIGN_STYLE = Automatic;
				CURRENT_PROJECT_VERSION = 1;
				DEVELOPMENT_ASSET_PATHS = "\"Example/Preview Content\"";
				DEVELOPMENT_TEAM = J75UGCLYPW;
				ENABLE_PREVIEWS = YES;
				GENERATE_INFOPLIST_FILE = YES;
				INFOPLIST_KEY_UIApplicationSceneManifest_Generation = YES;
				INFOPLIST_KEY_UIApplicationSupportsIndirectInputEvents = YES;
				INFOPLIST_KEY_UILaunchScreen_Generation = YES;
				INFOPLIST_KEY_UISupportedInterfaceOrientations_iPad = "UIInterfaceOrientationPortrait UIInterfaceOrientationPortraitUpsideDown UIInterfaceOrientationLandscapeLeft UIInterfaceOrientationLandscapeRight";
				INFOPLIST_KEY_UISupportedInterfaceOrientations_iPhone = "UIInterfaceOrientationPortrait UIInterfaceOrientationLandscapeLeft UIInterfaceOrientationLandscapeRight";
				LD_RUNPATH_SEARCH_PATHS = (
					"$(inherited)",
					"@executable_path/Frameworks",
				);
				MARKETING_VERSION = 1.0;
				PRODUCT_BUNDLE_IDENTIFIER = gadirom.Example;
				PRODUCT_NAME = "$(TARGET_NAME)";
				SWIFT_EMIT_LOC_STRINGS = YES;
				SWIFT_VERSION = 5.0;
				TARGETED_DEVICE_FAMILY = "1,2";
			};
			name = Release;
		};
/* End XCBuildConfiguration section */

/* Begin XCConfigurationList section */
		00BD559E29A1D9A60084DBB1 /* Build configuration list for PBXProject "Example" */ = {
			isa = XCConfigurationList;
			buildConfigurations = (
				00BD55AF29A1D9A70084DBB1 /* Debug */,
				00BD55B029A1D9A70084DBB1 /* Release */,
			);
			defaultConfigurationIsVisible = 0;
			defaultConfigurationName = Release;
		};
		00BD55B129A1D9A70084DBB1 /* Build configuration list for PBXNativeTarget "Example" */ = {
			isa = XCConfigurationList;
			buildConfigurations = (
				00BD55B229A1D9A70084DBB1 /* Debug */,
				00BD55B329A1D9A70084DBB1 /* Release */,
			);
			defaultConfigurationIsVisible = 0;
			defaultConfigurationName = Release;
		};
/* End XCConfigurationList section */

/* Begin XCRemoteSwiftPackageReference section */
		005F98A829A1E3B1001E573C /* XCRemoteSwiftPackageReference "MetalBuilder" */ = {
			isa = XCRemoteSwiftPackageReference;
			repositoryURL = "https://github.com/gadirom/MetalBuilder";
			requirement = {
				kind = upToNextMajorVersion;
				minimumVersion = 0.2.2;
			};
		};
/* End XCRemoteSwiftPackageReference section */

/* Begin XCSwiftPackageProductDependency section */
		005F98A929A1E3B1001E573C /* MetalBuilder */ = {
			isa = XCSwiftPackageProductDependency;
			package = 005F98A829A1E3B1001E573C /* XCRemoteSwiftPackageReference "MetalBuilder" */;
			productName = MetalBuilder;
		};
		005F98AB29A1E3FB001E573C /* FreeTransformGesture */ = {
			isa = XCSwiftPackageProductDependency;
			productName = FreeTransformGesture;
		};
		005F98B229A1E64B001E573C /* FreeTransformGesture */ = {
			isa = XCSwiftPackageProductDependency;
			productName = FreeTransformGesture;
		};
/* End XCSwiftPackageProductDependency section */
	};
	rootObject = 00BD559B29A1D9A60084DBB1 /* Project object */;
}
